
Microsoft Visual Studio Solution File, Format Version 12.00
# Visual Studio Version 17
VisualStudioVersion = 17.5.33530.505
MinimumVisualStudioVersion = 10.0.40219.1
Project("{8BC9CEB8-8B4A-11D0-8D11-00A0C91BC942}") = "MyMake", "MyMake\MyMake.vcxproj", "{B1BD95E8-34B6-4B14-8466-DB2847B9AFF7}"
EndProject
Global
	GlobalSection(SolutionConfigurationPlatforms) = preSolution
		Debug|x64 = Debug|x64
		Debug|x86 = Debug|x86
		Release|x64 = Release|x64
		Release|x86 = Release|x86
	EndGlobalSection
	GlobalSection(ProjectConfigurationPlatforms) = postSolution
		{B1BD95E8-34B6-4B14-8466-DB2847B9AFF7}.Debug|x64.ActiveCfg = Debug|x64
		{B1BD95E8-34B6-4B14-8466-DB2847B9AFF7}.Debug|x64.Build.0 = Debug|x64
		{B1BD95E8-34B6-4B14-8466-DB2847B9AFF7}.Debug|x86.ActiveCfg = Debug|Win32
		{B1BD95E8-34B6-4B14-8466-DB2847B9AFF7}.Debug|x86.Build.0 = Debug|Win32
		{B1BD95E8-34B6-4B14-8466-DB2847B9AFF7}.Release|x64.ActiveCfg = Release|x64
		{B1BD95E8-34B6-4B14-8466-DB2847B9AFF7}.Release|x64.Build.0 = Release|x64
		{B1BD95E8-34B6-4B14-8466-DB2847B9AFF7}.Release|x86.ActiveCfg = Release|Win32
		{B1BD95E8-34B6-4B14-8466-DB2847B9AFF7}.Release|x86.Build.0 = Release|Win32
	EndGlobalSection
	GlobalSection(SolutionProperties) = preSolution
		HideSolutionNode = FALSE
	EndGlobalSection
	GlobalSection(ExtensibilityGlobals) = postSolution
		SolutionGuid = {26BA8FAE-8B1C-4505-A46A-75ED8290A293}
	EndGlobalSection
EndGlobal
